github.com/google/go-cmp v0.5.5 h1:Khx7svrCpmxxtHBq5j2mp/xVjsi8hQMfNLvJFAlrGgU=
github.com/google/go-cmp v0.5.5/go.mod h1:v8dTdLbMG2kIc/vJvl+f65V22dbkXbowE6jgT/gNBxE=
github.com/mitchellh/mapstructure v1.5.0 h1:jeMsZIYE/09sWLaz43PL7Gy6RuMjD2eJVyuac5Z2hdY=
github.com/mitchellh/mapstructure v1.5.0/go.mod h1:bFUtVrKA4DC2yAKiSyO/QUcy7e+RRV2QTWOzhPopBRo=
github.com/ringsaturn/tzf v0.16.1 h1:XWnDm9KZvwGBtUGB8ABAtljm3R56CtdlPugHpaOvacg=
github.com/ringsaturn/tzf v0.16.1/go.mod h1:gLZAYRGUNCHQW88H9kCsgNHix4c9g2UevrmQe9kFSoU=
github.com/ringsaturn/tzf-rel-lite v0.0.2025-a h1:V+B0brHLxYqSyAeEWim/0BhM7Hnz587ZLGe3+8YgJ6E=
github.com/ringsaturn/tzf-rel-lite v0.0.2025-a/go.mod h1:nVMtMUFC40aMfjXzc+fj3CCXrHxD8sRUXLEVfxhFVAs=
github.com/tidwall/cities v0.1.0/go.mod h1:lV/HDp2gCcRcHJWqgt6Di54GiDrTZwh1aG2ZUPNbqa4=
github.com/tidwall/geoindex v1.4.4/go.mod h1:rvVVNEFfkJVWGUdEfU8QaoOg/9zFX0h9ofWzA60mz1I=
github.com/tidwall/geojson v1.4.5 h1:BFVb5Pr7WZJMqFXy1LVudt5hPEWR3g4uhjk5Ezc3GzA=
github.com/tidwall/geojson v1.4.5/go.mod h1:1cn3UWfSYCJOq53NZoQ9rirdw89+DM0vw+ZOAVvuReg=
github.com/tidwall/gjson v1.12.1/go.mod h1:/wbyibRr2FHMks5tjHJ5F8dMZh3AcwJEMf5vlfC0lxk=
github.com/tidwall/lotsa v1.0.2/go.mod h1:X6NiU+4yHA3fE3Puvpnn1XMDrFZrE9JO2/w+UMuqgR8=
github.com/tidwall/lotsa v1.0.3 h1:lFAp3PIsS58FPmz+LzhE1mcZ67tBBCRPv5j66g6y7sg=
github.com/tidwall/lotsa v1.0.3/go.mod h1:cPF+z88hamDNDjvE+u3suxCtRMVw24Gvze9eeWGYook=
github.com/tidwall/match v1.1.1/go.mod h1:eRSPERbgtNPcGhD8UCthc6PmLEQXEWd3PRB5JTxsfmM=
github.com/tidwall/pretty v1.2.0/go.mod h1:ITEVvHYasfjBbM0u2Pg8T2nJnzm8xPwvNhhsoaGGjNU=
github.com/tidwall/rtree v1.3.1/go.mod h1:S+JSsqPTI8LfWA4xHBo5eXzie8WJLVFeppAutSegl6M=
github.com/tidwall/sjson v1.2.4/go.mod h1:098SZ494YoMWPmMO6ct4dcFnqxwj9r/gF0Etp19pSNM=
golang.org/x/xerrors v0.0.0-20191204190536-9bdfabe68543 h1:E7g+9GITq07hpfrRu66IVDexMakfv52eLZ2CXBWiKr4=
golang.org/x/xerrors v0.0.0-20191204190536-9bdfabe68543/go.mod h1:I/5z698sn9Ka8TeJc9MKroUUfqBBauWjQqLJ2OPfmY0=
google.golang.org/protobuf v1.36.4 h1:6A3ZDJHn/eNqc1i+IdefRzy/9PokBTPvcqMySR7NNIM=
google.golang.org/protobuf v1.36.4/go.mod h1:9fA7Ob0pmnwhb644+1+CVWFRbNajQ6iRojtC/QF5bRE=
